
Microsoft Visual Studio Solution File, Format Version 12.00
# Visual Studio Version 17
VisualStudioVersion = 17.7.34031.279
MinimumVisualStudioVersion = 10.0.40219.1
Project("{FAE04EC0-301F-11D3-BF4B-00C04F79EFBC}") = "#1 Console.Write - Console.WriteLine", "#1 Console.Write - Console.WriteLine\#1 Console.Write - Console.WriteLine.csproj", "{22319D55-52B8-4FC3-82CD-FC31418FED60}"
EndProject
Global
	GlobalSection(SolutionConfigurationPlatforms) = preSolution
		Debug|Any CPU = Debug|Any CPU
		Release|Any CPU = Release|Any CPU
	EndGlobalSection
	GlobalSection(ProjectConfigurationPlatforms) = postSolution
		{22319D55-52B8-4FC3-82CD-FC31418FED60}.Debug|Any CPU.ActiveCfg = Debug|Any CPU
		{22319D55-52B8-4FC3-82CD-FC31418FED60}.Debug|Any CPU.Build.0 = Debug|Any CPU
		{22319D55-52B8-4FC3-82CD-FC31418FED60}.Release|Any CPU.ActiveCfg = Release|Any CPU
		{22319D55-52B8-4FC3-82CD-FC31418FED60}.Release|Any CPU.Build.0 = Release|Any CPU
	EndGlobalSection
	GlobalSection(SolutionProperties) = preSolution
		HideSolutionNode = FALSE
	EndGlobalSection
	GlobalSection(ExtensibilityGlobals) = postSolution
		SolutionGuid = {DF0F32F0-3E51-484E-9885-DAD9B911C407}
	EndGlobalSection
EndGlobal
