
Microsoft Visual Studio Solution File, Format Version 12.00
# Visual Studio Version 17
VisualStudioVersion = 17.7.34031.279
MinimumVisualStudioVersion = 10.0.40219.1
Project("{FAE04EC0-301F-11D3-BF4B-00C04F79EFBC}") = "#5 Char Değişken Tipi", "#5 Char Değişken Tipi\#5 Char Değişken Tipi.csproj", "{048B36ED-D6E5-4006-8489-F24521CC1294}"
EndProject
Global
	GlobalSection(SolutionConfigurationPlatforms) = preSolution
		Debug|Any CPU = Debug|Any CPU
		Release|Any CPU = Release|Any CPU
	EndGlobalSection
	GlobalSection(ProjectConfigurationPlatforms) = postSolution
		{048B36ED-D6E5-4006-8489-F24521CC1294}.Debug|Any CPU.ActiveCfg = Debug|Any CPU
		{048B36ED-D6E5-4006-8489-F24521CC1294}.Debug|Any CPU.Build.0 = Debug|Any CPU
		{048B36ED-D6E5-4006-8489-F24521CC1294}.Release|Any CPU.ActiveCfg = Release|Any CPU
		{048B36ED-D6E5-4006-8489-F24521CC1294}.Release|Any CPU.Build.0 = Release|Any CPU
	EndGlobalSection
	GlobalSection(SolutionProperties) = preSolution
		HideSolutionNode = FALSE
	EndGlobalSection
	GlobalSection(ExtensibilityGlobals) = postSolution
		SolutionGuid = {55B1E26B-30BF-4ABF-BEC5-B3ED3DE5BFDF}
	EndGlobalSection
EndGlobal
