
Microsoft Visual Studio Solution File, Format Version 12.00
# Visual Studio Version 17
VisualStudioVersion = 17.7.34031.279
MinimumVisualStudioVersion = 10.0.40219.1
Project("{FAE04EC0-301F-11D3-BF4B-00C04F79EFBC}") = "#3 Değişken Nedir - Nasıl Tanımlanır", "#3 Değişken Nedir - Nasıl Tanımlanır\#3 Değişken Nedir - Nasıl Tanımlanır.csproj", "{6BED22EE-5FBB-41CC-8649-83A48C61E9CA}"
EndProject
Global
	GlobalSection(SolutionConfigurationPlatforms) = preSolution
		Debug|Any CPU = Debug|Any CPU
		Release|Any CPU = Release|Any CPU
	EndGlobalSection
	GlobalSection(ProjectConfigurationPlatforms) = postSolution
		{6BED22EE-5FBB-41CC-8649-83A48C61E9CA}.Debug|Any CPU.ActiveCfg = Debug|Any CPU
		{6BED22EE-5FBB-41CC-8649-83A48C61E9CA}.Debug|Any CPU.Build.0 = Debug|Any CPU
		{6BED22EE-5FBB-41CC-8649-83A48C61E9CA}.Release|Any CPU.ActiveCfg = Release|Any CPU
		{6BED22EE-5FBB-41CC-8649-83A48C61E9CA}.Release|Any CPU.Build.0 = Release|Any CPU
	EndGlobalSection
	GlobalSection(SolutionProperties) = preSolution
		HideSolutionNode = FALSE
	EndGlobalSection
	GlobalSection(ExtensibilityGlobals) = postSolution
		SolutionGuid = {7CFC9C42-5D8A-459F-8A15-F05ED12A2729}
	EndGlobalSection
EndGlobal
